// !$*UTF8*$!
{
	archiveVersion = 1;
	classes = {
	};
	objectVersion = 48;
	objects = {

/* Begin PBXBuildFile section */
		397AD89E205A5C6100DDDF4D /* AppDelegate.swift in Sources */ = {isa = PBXBuildFile; fileRef = 397AD89D205A5C6100DDDF4D /* AppDelegate.swift */; };
		397AD8A0205A5C6100DDDF4D /* ViewController.swift in Sources */ = {isa = PBXBuildFile; fileRef = 397AD89F205A5C6100DDDF4D /* ViewController.swift */; };
		397AD8A3205A5C6100DDDF4D /* Main.storyboard in Resources */ = {isa = PBXBuildFile; fileRef = 397AD8A1205A5C6100DDDF4D /* Main.storyboard */; };
		397AD8A5205A5C6100DDDF4D /* Assets.xcassets in Resources */ = {isa = PBXBuildFile; fileRef = 397AD8A4205A5C6100DDDF4D /* Assets.xcassets */; };
		397AD8A8205A5C6100DDDF4D /* LaunchScreen.storyboard in Resources */ = {isa = PBXBuildFile; fileRef = 397AD8A6205A5C6100DDDF4D /* LaunchScreen.storyboard */; };
/* End PBXBuildFile section */

/* Begin PBXFileReference section */
		397AD89A205A5C6100DDDF4D /* Travel-Frog.app */ = {isa = PBXFileReference; explicitFileType = wrapper.application; includeInIndex = 0; path = "Travel-Frog.app"; sourceTree = BUILT_PRODUCTS_DIR; };
		397AD89D205A5C6100DDDF4D /* AppDelegate.swift */ = {isa = PBXFileReference; lastKnownFileType = sourcecode.swift; path = AppDelegate.swift; sourceTree = "<group>"; };
		397AD89F205A5C6100DDDF4D /* ViewController.swift */ = {isa = PBXFileReference; lastKnownFileType = sourcecode.swift; path = ViewController.swift; sourceTree = "<group>"; };
		397AD8A2205A5C6100DDDF4D /* Base */ = {isa = PBXFileReference; lastKnownFileType = file.storyboard; name = Base; path = Base.lproj/Main.storyboard; sourceTree = "<group>"; };
		397AD8A4205A5C6100DDDF4D /* Assets.xcassets */ = {isa = PBXFileReference; lastKnownFileType = folder.assetcatalog; path = Assets.xcassets; sourceTree = "<group>"; };
		397AD8A7205A5C6100DDDF4D /* Base */ = {isa = PBXFileReference; lastKnownFileType = file.storyboard; name = Base; path = Base.lproj/LaunchScreen.storyboard; sourceTree = "<group>"; };
		397AD8A9205A5C6100DDDF4D /* Info.plist */ = {isa = PBXFileReference; lastKnownFileType = text.plist.xml; path = Info.plist; sourceTree = "<group>"; };
/* End PBXFileReference section */

/* Begin PBXFrameworksBuildPhase section */
		397AD897205A5C6100DDDF4D /* Frameworks */ = {
			isa = PBXFrameworksBuildPhase;
			buildActionMask = 2147483647;
			files = (
			);
			runOnlyForDeploymentPostprocessing = 0;
		};
/* End PBXFrameworksBuildPhase section */

/* Begin PBXGroup section */
		397AD891205A5C6100DDDF4D = {
			isa = PBXGroup;
			children = (
				397AD89C205A5C6100DDDF4D /* Travel-Frog */,
				397AD89B205A5C6100DDDF4D /* Products */,
			);
			sourceTree = "<group>";
		};
		397AD89B205A5C6100DDDF4D /* Products */ = {
			isa = PBXGroup;
			children = (
				397AD89A205A5C6100DDDF4D /* Travel-Frog.app */,
			);
			name = Products;
			sourceTree = "<group>";
		};
		397AD89C205A5C6100DDDF4D /* Travel-Frog */ = {
			isa = PBXGroup;
			children = (
				397AD89D205A5C6100DDDF4D /* AppDelegate.swift */,
				397AD89F205A5C6100DDDF4D /* ViewController.swift */,
				397AD8A1205A5C6100DDDF4D /* Main.storyboard */,
				397AD8A4205A5C6100DDDF4D /* Assets.xcassets */,
				397AD8A6205A5C6100DDDF4D /* LaunchScreen.storyboard */,
				397AD8A9205A5C6100DDDF4D /* Info.plist */,
			);
			path = "Travel-Frog";
			sourceTree = "<group>";
		};
/* End PBXGroup section */

/* Begin PBXNativeTarget section */
		397AD899205A5C6100DDDF4D /* Travel-Frog */ = {
			isa = PBXNativeTarget;
			buildConfigurationList = 397AD8AC205A5C6100DDDF4D /* Build configuration list for PBXNativeTarget "Travel-Frog" */;
			buildPhases = (
				397AD896205A5C6100DDDF4D /* Sources */,
				397AD897205A5C6100DDDF4D /* Frameworks */,
				397AD898205A5C6100DDDF4D /* Resources */,
			);
			buildRules = (
			);
			dependencies = (
			);
			name = "Travel-Frog";
			productName = "Travel-Frog";
			productReference = 397AD89A205A5C6100DDDF4D /* Travel-Frog.app */;
			productType = "com.apple.product-type.application";
		};
/* End PBXNativeTarget section */

/* Begin PBXProject section */
		397AD892205A5C6100DDDF4D /* Project object */ = {
			isa = PBXProject;
			attributes = {
				LastSwiftUpdateCheck = 0920;
				LastUpgradeCheck = 0920;
				ORGANIZATIONNAME = "Andy Pan";
				TargetAttributes = {
					397AD899205A5C6100DDDF4D = {
						CreatedOnToolsVersion = 9.2;
						ProvisioningStyle = Automatic;
					};
				};
			};
			buildConfigurationList = 397AD895205A5C6100DDDF4D /* Build configuration list for PBXProject "Travel-Frog" */;
			compatibilityVersion = "Xcode 8.0";
			developmentRegion = en;
			hasScannedForEncodings = 0;
			knownRegions = (
				en,
				Base,
			);
			mainGroup = 397AD891205A5C6100DDDF4D;
			productRefGroup = 397AD89B205A5C6100DDDF4D /* Products */;
			projectDirPath = "";
			projectRoot = "";
			targets = (
				397AD899205A5C6100DDDF4D /* Travel-Frog */,
			);
		};
/* End PBXProject section */

/* Begin PBXResourcesBuildPhase section */
		397AD898205A5C6100DDDF4D /* Resources */ = {
			isa = PBXResourcesBuildPhase;
			buildActionMask = 2147483647;
			files = (
				397AD8A8205A5C6100DDDF4D /* LaunchScreen.storyboard in Resources */,
				397AD8A5205A5C6100DDDF4D /* Assets.xcassets in Resources */,
				397AD8A3205A5C6100DDDF4D /* Main.storyboard in Resources */,
			);
			runOnlyForDeploymentPostprocessing = 0;
		};
/* End PBXResourcesBuildPhase section */

/* Begin PBXSourcesBuildPhase section */
		397AD896205A5C6100DDDF4D /* Sources */ = {
			isa = PBXSourcesBuildPhase;
			buildActionMask = 2147483647;
			files = (
				397AD8A0205A5C6100DDDF4D /* ViewController.swift in Sources */,
				397AD89E205A5C6100DDDF4D /* AppDelegate.swift in Sources */,
			);
			runOnlyForDeploymentPostprocessing = 0;
		};
/* End PBXSourcesBuildPhase section */

/* Begin PBXVariantGroup section */
		397AD8A1205A5C6100DDDF4D /* Main.storyboard */ = {
			isa = PBXVariantGroup;
			children = (
				397AD8A2205A5C6100DDDF4D /* Base */,
			);
			name = Main.storyboard;
			sourceTree = "<group>";
		};
		397AD8A6205A5C6100DDDF4D /* LaunchScreen.storyboard */ = {
			isa = PBXVariantGroup;
			children = (
				397AD8A7205A5C6100DDDF4D /* Base */,
			);
			name = LaunchScreen.storyboard;
			sourceTree = "<group>";
		};
/* End PBXVariantGroup section */

/* Begin XCBuildConfiguration section */
		397AD8AA205A5C6100DDDF4D /* Debug */ = {
			isa = XCBuildConfiguration;
			buildSettings = {
				ALWAYS_SEARCH_USER_PATHS = NO;
				CLANG_ANALYZER_NONNULL = YES;
				CLANG_ANALYZER_NUMBER_OBJECT_CONVERSION = YES_AGGRESSIVE;
				CLANG_CXX_LANGUAGE_STANDARD = "gnu++14";
				CLANG_CXX_LIBRARY = "libc++";
				CLANG_ENABLE_MODULES = YES;
				CLANG_ENABLE_OBJC_ARC = YES;
				CLANG_WARN_BLOCK_CAPTURE_AUTORELEASING = YES;
				CLANG_WARN_BOOL_CONVERSION = YES;
				CLANG_WARN_COMMA = YES;
				CLANG_WARN_CONSTANT_CONVERSION = YES;
				CLANG_WARN_DIRECT_OBJC_ISA_USAGE = YES_ERROR;
				CLANG_WARN_DOCUMENTATION_COMMENTS = YES;
				CLANG_WARN_EMPTY_BODY = YES;
				CLANG_WARN_ENUM_CONVERSION = YES;
				CLANG_WARN_INFINITE_RECURSION = YES;
				CLANG_WARN_INT_CONVERSION = YES;
				CLANG_WARN_NON_LITERAL_NULL_CONVERSION = YES;
				CLANG_WARN_OBJC_LITERAL_CONVERSION = YES;
				CLANG_WARN_OBJC_ROOT_CLASS = YES_ERROR;
				CLANG_WARN_RANGE_LOOP_ANALYSIS = YES;
				CLANG_WARN_STRICT_PROTOTYPES = YES;
				CLANG_WARN_SUSPICIOUS_MOVE = YES;
				CLANG_WARN_UNGUARDED_AVAILABILITY = YES_AGGRESSIVE;
				CLANG_WARN_UNREACHABLE_CODE = YES;
				CLANG_WARN__DUPLICATE_METHOD_MATCH = YES;
				CODE_SIGN_IDENTITY = "iPhone Developer";
				COPY_PHASE_STRIP = NO;
				DEBUG_INFORMATION_FORMAT = dwarf;
				ENABLE_STRICT_OBJC_MSGSEND = YES;
				ENABLE_TESTABILITY = YES;
				GCC_C_LANGUAGE_STANDARD = gnu11;
				GCC_DYNAMIC_NO_PIC = NO;
				GCC_NO_COMMON_BLOCKS = YES;
				GCC_OPTIMIZATION_LEVEL = 0;
				GCC_PREPROCESSOR_DEFINITIONS = (
					"DEBUG=1",
					"$(inherited)",
				);
				GCC_WARN_64_TO_32_BIT_CONVERSION = YES;
				GCC_WARN_ABOUT_RETURN_TYPE = YES_ERROR;
				GCC_WARN_UNDECLARED_SELECTOR = YES;
				GCC_WARN_UNINITIALIZED_AUTOS = YES_AGGRESSIVE;
				GCC_WARN_UNUSED_FUNCTION = YES;
				GCC_WARN_UNUSED_VARIABLE = YES;
				IPHONEOS_DEPLOYMENT_TARGET = 11.2;
				MTL_ENABLE_DEBUG_INFO = YES;
				ONLY_ACTIVE_ARCH = YES;
				SDKROOT = iphoneos;
				SWIFT_ACTIVE_COMPILATION_CONDITIONS = DEBUG;
				SWIFT_OPTIMIZATION_LEVEL = "-Onone";
			};
			name = Debug;
		};
		397AD8AB205A5C6100DDDF4D /* Release */ = {
			isa = XCBuildConfiguration;
			buildSettings = {
				ALWAYS_SEARCH_USER_PATHS = NO;
				CLANG_ANALYZER_NONNULL = YES;
				CLANG_ANALYZER_NUMBER_OBJECT_CONVERSION = YES_AGGRESSIVE;
				CLANG_CXX_LANGUAGE_STANDARD = "gnu++14";
				CLANG_CXX_LIBRARY = "libc++";
				CLANG_ENABLE_MODULES = YES;
				CLANG_ENABLE_OBJC_ARC = YES;
				CLANG_WARN_BLOCK_CAPTURE_AUTORELEASING = YES;
				CLANG_WARN_BOOL_CONVERSION = YES;
				CLANG_WARN_COMMA = YES;
				CLANG_WARN_CONSTANT_CONVERSION = YES;
				CLANG_WARN_DIRECT_OBJC_ISA_USAGE = YES_ERROR;
				CLANG_WARN_DOCUMENTATION_COMMENTS = YES;
				CLANG_WARN_EMPTY_BODY = YES;
				CLANG_WARN_ENUM_CONVERSION = YES;
				CLANG_WARN_INFINITE_RECURSION = YES;
				CLANG_WARN_INT_CONVERSION = YES;
				CLANG_WARN_NON_LITERAL_NULL_CONVERSION = YES;
				CLANG_WARN_OBJC_LITERAL_CONVERSION = YES;
				CLANG_WARN_OBJC_ROOT_CLASS = YES_ERROR;
				CLANG_WARN_RANGE_LOOP_ANALYSIS = YES;
				CLANG_WARN_STRICT_PROTOTYPES = YES;
				CLANG_WARN_SUSPICIOUS_MOVE = YES;
				CLANG_WARN_UNGUARDED_AVAILABILITY = YES_AGGRESSIVE;
				CLANG_WARN_UNREACHABLE_CODE = YES;
				CLANG_WARN__DUPLICATE_METHOD_MATCH = YES;
				CODE_SIGN_IDENTITY = "iPhone Developer";
				COPY_PHASE_STRIP = NO;
				DEBUG_INFORMATION_FORMAT = "dwarf-with-dsym";
				ENABLE_NS_ASSERTIONS = NO;
				ENABLE_STRICT_OBJC_MSGSEND = YES;
				GCC_C_LANGUAGE_STANDARD = gnu11;
				GCC_NO_COMMON_BLOCKS = YES;
				GCC_WARN_64_TO_32_BIT_CONVERSION = YES;
				GCC_WARN_ABOUT_RETURN_TYPE = YES_ERROR;
				GCC_WARN_UNDECLARED_SELECTOR = YES;
				GCC_WARN_UNINITIALIZED_AUTOS = YES_AGGRESSIVE;
				GCC_WARN_UNUSED_FUNCTION = YES;
				GCC_WARN_UNUSED_VARIABLE = YES;
				IPHONEOS_DEPLOYMENT_TARGET = 11.2;
				MTL_ENABLE_DEBUG_INFO = NO;
				SDKROOT = iphoneos;
				SWIFT_OPTIMIZATION_LEVEL = "-Owholemodule";
				VALIDATE_PRODUCT = YES;
			};
			name = Release;
		};
		397AD8AD205A5C6100DDDF4D /* Debug */ = {
			isa = XCBuildConfiguration;
			buildSettings = {
				ASSETCATALOG_COMPILER_APPICON_NAME = AppIcon;
				CODE_SIGN_STYLE = Automatic;
				INFOPLIST_FILE = "Travel-Frog/Info.plist";
				LD_RUNPATH_SEARCH_PATHS = "$(inherited) @executable_path/Frameworks";
				PRODUCT_BUNDLE_IDENTIFIER = "com.andypan.Travel-Frog";
				PRODUCT_NAME = "$(TARGET_NAME)";
				SWIFT_VERSION = 4.0;
				TARGETED_DEVICE_FAMILY = "1,2";
			};
			name = Debug;
		};
		397AD8AE205A5C6100DDDF4D /* Release */ = {
			isa = XCBuildConfiguration;
			buildSettings = {
				ASSETCATALOG_COMPILER_APPICON_NAME = AppIcon;
				CODE_SIGN_STYLE = Automatic;
				INFOPLIST_FILE = "Travel-Frog/Info.plist";
				LD_RUNPATH_SEARCH_PATHS = "$(inherited) @executable_path/Frameworks";
				PRODUCT_BUNDLE_IDENTIFIER = "com.andypan.Travel-Frog";
				PRODUCT_NAME = "$(TARGET_NAME)";
				SWIFT_VERSION = 4.0;
				TARGETED_DEVICE_FAMILY = "1,2";
			};
			name = Release;
		};
/* End XCBuildConfiguration section */

/* Begin XCConfigurationList section */
		397AD895205A5C6100DDDF4D /* Build configuration list for PBXProject "Travel-Frog" */ = {
			isa = XCConfigurationList;
			buildConfigurations = (
				397AD8AA205A5C6100DDDF4D /* Debug */,
				397AD8AB205A5C6100DDDF4D /* Release */,
			);
			defaultConfigurationIsVisible = 0;
			defaultConfigurationName = Release;
		};
		397AD8AC205A5C6100DDDF4D /* Build configuration list for PBXNativeTarget "Travel-Frog" */ = {
			isa = XCConfigurationList;
			buildConfigurations = (
				397AD8AD205A5C6100DDDF4D /* Debug */,
				397AD8AE205A5C6100DDDF4D /* Release */,
			);
			defaultConfigurationIsVisible = 0;
			defaultConfigurationName = Release;
		};
/* End XCConfigurationList section */
	};
	rootObject = 397AD892205A5C6100DDDF4D /* Project object */;
}
